
Microsoft Visual Studio Solution File, Format Version 12.00
# Visual Studio 2013
VisualStudioVersion = 12.0.30501.0
MinimumVisualStudioVersion = 10.0.40219.1
Project("{FAE04EC0-301F-11D3-BF4B-00C04F79EFBC}") = "GreenShark Rico Clark 2015", "GreenShark Rico Clark 2015\GreenShark Rico Clark 2015.csproj", "{B4FE4DC9-C3E2-4D6E-80AE-676C2F0C9472}"
EndProject
Global
	GlobalSection(SolutionConfigurationPlatforms) = preSolution
		Debug|Any CPU = Debug|Any CPU
		Release|Any CPU = Release|Any CPU
	EndGlobalSection
	GlobalSection(ProjectConfigurationPlatforms) = postSolution
		{B4FE4DC9-C3E2-4D6E-80AE-676C2F0C9472}.Debug|Any CPU.ActiveCfg = Debug|Any CPU
		{B4FE4DC9-C3E2-4D6E-80AE-676C2F0C9472}.Debug|Any CPU.Build.0 = Debug|Any CPU
		{B4FE4DC9-C3E2-4D6E-80AE-676C2F0C9472}.Release|Any CPU.ActiveCfg = Release|Any CPU
		{B4FE4DC9-C3E2-4D6E-80AE-676C2F0C9472}.Release|Any CPU.Build.0 = Release|Any CPU
	EndGlobalSection
	GlobalSection(SolutionProperties) = preSolution
		HideSolutionNode = FALSE
	EndGlobalSection
EndGlobal
